
Microsoft Visual Studio Solution File, Format Version 12.00
# Visual Studio Version 17
VisualStudioVersion = 17.5.33424.131
MinimumVisualStudioVersion = 10.0.40219.1
Project("{FAE04EC0-301F-11D3-BF4B-00C04F79EFBC}") = "test", "test\test.csproj", "{4C82B637-868B-42E4-8ABD-BF82FE69FEDB}"
EndProject
Global
	GlobalSection(SolutionConfigurationPlatforms) = preSolution
		Debug|Any CPU = Debug|Any CPU
		Release|Any CPU = Release|Any CPU
	EndGlobalSection
	GlobalSection(ProjectConfigurationPlatforms) = postSolution
		{4C82B637-868B-42E4-8ABD-BF82FE69FEDB}.Debug|Any CPU.ActiveCfg = Debug|Any CPU
		{4C82B637-868B-42E4-8ABD-BF82FE69FEDB}.Debug|Any CPU.Build.0 = Debug|Any CPU
		{4C82B637-868B-42E4-8ABD-BF82FE69FEDB}.Release|Any CPU.ActiveCfg = Release|Any CPU
		{4C82B637-868B-42E4-8ABD-BF82FE69FEDB}.Release|Any CPU.Build.0 = Release|Any CPU
	EndGlobalSection
	GlobalSection(SolutionProperties) = preSolution
		HideSolutionNode = FALSE
	EndGlobalSection
	GlobalSection(ExtensibilityGlobals) = postSolution
		SolutionGuid = {0F68C3BA-D40F-4DBA-A962-5C0F741AE592}
	EndGlobalSection
EndGlobal
